github.com/mitchellh/mapstructure v1.4.0 h1:7ks8ZkOP5/ujthUsT07rNv+nkLXCQWKNHuwzOAesEks=
github.com/mitchellh/mapstructure v1.4.0/go.mod h1:bFUtVrKA4DC2yAKiSyO/QUcy7e+RRV2QTWOzhPopBRo=
github.com/pkg/errors v0.9.1 h1:FEBLx1zS214owpjy7qsBeixbURkuhQAwrK5UwLGTwt4=
github.com/pkg/errors v0.9.1/go.mod h1:bwawxfHBFNV+L2hUp1rHADufV3IMtnDRdf1r5NINEl0=
github.com/tessellator/executil v0.1.0 h1:OlTwF1DMUQzUtWuyt0lrPVlE7HCXI1GnEsOLR9zaqm0=
github.com/tessellator/executil v0.1.0/go.mod h1:Za9Z5f30dSvLrEtLh9b0nqP6N1vPMs3keqxEY7rILtU=
